
Microsoft Visual Studio Solution File, Format Version 12.00
# Visual Studio Version 16
VisualStudioVersion = 16.0.32106.194
MinimumVisualStudioVersion = 10.0.40219.1
Project("{FAE04EC0-301F-11D3-BF4B-00C04F79EFBC}") = "AreTheyTheSame.Test", "AreTheyTheSame.Test\AreTheyTheSame.Test.csproj", "{C4866041-3AB8-4156-851C-02C738402800}"
EndProject
Project("{FAE04EC0-301F-11D3-BF4B-00C04F79EFBC}") = "AreTheyTheSame.App", "AreTheyTheSame.App\AreTheyTheSame.App.csproj", "{42A3074A-E142-42AD-8EA4-6F9DC4A44E1B}"
EndProject
Global
	GlobalSection(SolutionConfigurationPlatforms) = preSolution
		Debug|Any CPU = Debug|Any CPU
		Release|Any CPU = Release|Any CPU
	EndGlobalSection
	GlobalSection(ProjectConfigurationPlatforms) = postSolution
		{C4866041-3AB8-4156-851C-02C738402800}.Debug|Any CPU.ActiveCfg = Debug|Any CPU
		{C4866041-3AB8-4156-851C-02C738402800}.Debug|Any CPU.Build.0 = Debug|Any CPU
		{C4866041-3AB8-4156-851C-02C738402800}.Release|Any CPU.ActiveCfg = Release|Any CPU
		{C4866041-3AB8-4156-851C-02C738402800}.Release|Any CPU.Build.0 = Release|Any CPU
		{42A3074A-E142-42AD-8EA4-6F9DC4A44E1B}.Debug|Any CPU.ActiveCfg = Debug|Any CPU
		{42A3074A-E142-42AD-8EA4-6F9DC4A44E1B}.Debug|Any CPU.Build.0 = Debug|Any CPU
		{42A3074A-E142-42AD-8EA4-6F9DC4A44E1B}.Release|Any CPU.ActiveCfg = Release|Any CPU
		{42A3074A-E142-42AD-8EA4-6F9DC4A44E1B}.Release|Any CPU.Build.0 = Release|Any CPU
	EndGlobalSection
	GlobalSection(SolutionProperties) = preSolution
		HideSolutionNode = FALSE
	EndGlobalSection
	GlobalSection(ExtensibilityGlobals) = postSolution
		SolutionGuid = {FA6F7E35-ADBF-4DD0-87B7-58BBCAB45B85}
	EndGlobalSection
EndGlobal
